
Microsoft Visual Studio Solution File, Format Version 12.00
# Visual Studio Version 16
VisualStudioVersion = 16.0.31402.337
MinimumVisualStudioVersion = 10.0.40219.1
Project("{FAE04EC0-301F-11D3-BF4B-00C04F79EFBC}") = "TescoSWLibrary", "TescoSWLibrary\TescoSWLibrary.csproj", "{36EF67DA-4F4F-4CC9-9CCA-FA4C86C97049}"
EndProject
Project("{FAE04EC0-301F-11D3-BF4B-00C04F79EFBC}") = "TescoSWWpf", "TescoSWWpf\TescoSWWpf.csproj", "{A26F5CFE-89C9-4F1A-A8D6-FF75595CAE48}"
EndProject
Global
	GlobalSection(SolutionConfigurationPlatforms) = preSolution
		Debug|Any CPU = Debug|Any CPU
		Release|Any CPU = Release|Any CPU
	EndGlobalSection
	GlobalSection(ProjectConfigurationPlatforms) = postSolution
		{36EF67DA-4F4F-4CC9-9CCA-FA4C86C97049}.Debug|Any CPU.ActiveCfg = Debug|Any CPU
		{36EF67DA-4F4F-4CC9-9CCA-FA4C86C97049}.Debug|Any CPU.Build.0 = Debug|Any CPU
		{36EF67DA-4F4F-4CC9-9CCA-FA4C86C97049}.Release|Any CPU.ActiveCfg = Release|Any CPU
		{36EF67DA-4F4F-4CC9-9CCA-FA4C86C97049}.Release|Any CPU.Build.0 = Release|Any CPU
		{A26F5CFE-89C9-4F1A-A8D6-FF75595CAE48}.Debug|Any CPU.ActiveCfg = Debug|Any CPU
		{A26F5CFE-89C9-4F1A-A8D6-FF75595CAE48}.Debug|Any CPU.Build.0 = Debug|Any CPU
		{A26F5CFE-89C9-4F1A-A8D6-FF75595CAE48}.Release|Any CPU.ActiveCfg = Release|Any CPU
		{A26F5CFE-89C9-4F1A-A8D6-FF75595CAE48}.Release|Any CPU.Build.0 = Release|Any CPU
	EndGlobalSection
	GlobalSection(SolutionProperties) = preSolution
		HideSolutionNode = FALSE
	EndGlobalSection
	GlobalSection(ExtensibilityGlobals) = postSolution
		SolutionGuid = {F6AFD7F4-6658-45D9-A689-820FC7428339}
	EndGlobalSection
EndGlobal
